
Microsoft Visual Studio Solution File, Format Version 12.00
# Visual Studio Version 17
VisualStudioVersion = 17.5.33318.248
MinimumVisualStudioVersion = 10.0.40219.1
Project("{FAE04EC0-301F-11D3-BF4B-00C04F79EFBC}") = "StorageSystem", "StorageSystem\StorageSystem.csproj", "{827315EF-A44E-445D-B64C-C2198965522E}"
EndProject
Global
	GlobalSection(SolutionConfigurationPlatforms) = preSolution
		Debug|Any CPU = Debug|Any CPU
		Release|Any CPU = Release|Any CPU
	EndGlobalSection
	GlobalSection(ProjectConfigurationPlatforms) = postSolution
		{827315EF-A44E-445D-B64C-C2198965522E}.Debug|Any CPU.ActiveCfg = Debug|Any CPU
		{827315EF-A44E-445D-B64C-C2198965522E}.Debug|Any CPU.Build.0 = Debug|Any CPU
		{827315EF-A44E-445D-B64C-C2198965522E}.Release|Any CPU.ActiveCfg = Release|Any CPU
		{827315EF-A44E-445D-B64C-C2198965522E}.Release|Any CPU.Build.0 = Release|Any CPU
	EndGlobalSection
	GlobalSection(SolutionProperties) = preSolution
		HideSolutionNode = FALSE
	EndGlobalSection
	GlobalSection(ExtensibilityGlobals) = postSolution
		SolutionGuid = {D6CA2073-E78F-4939-AEB2-B0E755AD7E69}
	EndGlobalSection
EndGlobal
